{
  "version": 4,
  "terraform_version": "1.12.1",
  "serial": 613,
  "lineage": "ba0ffdfc-15a7-6b6c-331f-be8624bfe0cd",
  "outputs": {
    "api_url": {
      "value": "http://localhost:4566/_aws/execute-api/7ggjxahugi/dev/ola",
      "type": "string"
    },
    "contatos_delete_url": {
      "value": "http://localhost:4566/_aws/execute-api/7ggjxahugi/dev/contatos",
      "type": "string"
    },
    "contatos_patch_url": {
      "value": "http://localhost:4566/_aws/execute-api/7ggjxahugi/dev/contatos",
      "type": "string"
    },
    "contatos_post_url": {
      "value": "http://localhost:4566/_aws/execute-api/7ggjxahugi/dev/contatos",
      "type": "string"
    },
    "fotos_post_url": {
      "value": "http://localhost:4566/_aws/execute-api/7ggjxahugi/dev/fotos",
      "type": "string"
    },
    "usuarios_post_url": {
      "value": "http://localhost:4566/_aws/execute-api/7ggjxahugi/dev/usuarios",
      "type": "string"
    }
  },
  "resources": [
    {
      "mode": "managed",
      "type": "aws_api_gateway_deployment",
      "name": "deployment",
      "provider": "provider[\"registry.terraform.io/hashicorp/aws\"]",
      "instances": [
        {
          "schema_version": 0,
          "attributes": {
            "created_date": "2025-06-12T21:52:00Z",
            "description": "",
            "execution_arn": "arn:aws:execute-api:us-east-1:000000000000:7ggjxahugi/dev",
            "id": "gwdy8rqric",
            "invoke_url": "https://7ggjxahugi.execute-api.us-east-1.amazonaws.com/dev",
            "rest_api_id": "7ggjxahugi",
            "stage_description": null,
            "stage_name": "dev",
            "triggers": null,
            "variables": null
          },
          "sensitive_attributes": [],
          "identity_schema_version": 0,
          "private": "bnVsbA==",
          "dependencies": [
            "aws_api_gateway_integration.contatos_delete_lambda_integration",
            "aws_api_gateway_integration.contatos_lambda_integration",
            "aws_api_gateway_integration.contatos_patch_lambda_integration",
            "aws_api_gateway_integration.fotos_lambda_integration",
            "aws_api_gateway_integration.lambda_integration",
            "aws_api_gateway_integration.usuarios_lambda_integration",
            "aws_api_gateway_method.contatos_delete_method",
            "aws_api_gateway_method.contatos_patch_method",
            "aws_api_gateway_method.contatos_post_method",
            "aws_api_gateway_method.fotos_post_method",
            "aws_api_gateway_method.get_method",
            "aws_api_gateway_method.usuarios_post_method",
            "aws_api_gateway_resource.contatos_resource",
            "aws_api_gateway_resource.fotos_resource",
            "aws_api_gateway_resource.lambda_resource",
            "aws_api_gateway_resource.usuarios_resource",
            "aws_api_gateway_rest_api.api",
            "aws_iam_role.lambda_exec",
            "module.auth_lambda.aws_lambda_function.lambda",
            "module.contato_create_lambda.aws_lambda_function.lambda",
            "module.contato_delete_lambda.aws_lambda_function.lambda",
            "module.contato_update_lambda.aws_lambda_function.lambda",
            "module.foto_upload_lambda.aws_lambda_function.lambda",
            "module.usuario_create_lambda.aws_lambda_function.lambda"
          ]
        }
      ]
    },
    {
      "mode": "managed",
      "type": "aws_api_gateway_integration",
      "name": "contatos_delete_lambda_integration",
      "provider": "provider[\"registry.terraform.io/hashicorp/aws\"]",
      "instances": [
        {
          "schema_version": 0,
          "attributes": {
            "cache_key_parameters": null,
            "cache_namespace": "lsdzmvlzgf",
            "connection_id": "",
            "connection_type": "INTERNET",
            "content_handling": "",
            "credentials": "",
            "http_method": "DELETE",
            "id": "agi-7ggjxahugi-lsdzmvlzgf-DELETE",
            "integration_http_method": "POST",
            "passthrough_behavior": "WHEN_NO_MATCH",
            "request_parameters": null,
            "request_templates": null,
            "resource_id": "lsdzmvlzgf",
            "rest_api_id": "7ggjxahugi",
            "timeout_milliseconds": 29000,
            "tls_config": [],
            "type": "AWS_PROXY",
            "uri": "arn:aws:apigateway:us-east-1:lambda:path/2015-03-31/functions/arn:aws:lambda:us-east-1:000000000000:function:contato-delete/invocations"
          },
          "sensitive_attributes": [],
          "identity_schema_version": 0,
          "private": "bnVsbA==",
          "dependencies": [
            "aws_api_gateway_method.contatos_delete_method",
            "aws_api_gateway_resource.contatos_resource",
            "aws_api_gateway_rest_api.api",
            "aws_iam_role.lambda_exec",
            "module.contato_delete_lambda.aws_lambda_function.lambda"
          ]
        }
      ]
    },
    {
      "mode": "managed",
      "type": "aws_api_gateway_integration",
      "name": "contatos_lambda_integration",
      "provider": "provider[\"registry.terraform.io/hashicorp/aws\"]",
      "instances": [
        {
          "schema_version": 0,
          "attributes": {
            "cache_key_parameters": null,
            "cache_namespace": "lsdzmvlzgf",
            "connection_id": "",
            "connection_type": "INTERNET",
            "content_handling": "",
            "credentials": "",
            "http_method": "POST",
            "id": "agi-7ggjxahugi-lsdzmvlzgf-POST",
            "integration_http_method": "POST",
            "passthrough_behavior": "WHEN_NO_MATCH",
            "request_parameters": null,
            "request_templates": null,
            "resource_id": "lsdzmvlzgf",
            "rest_api_id": "7ggjxahugi",
            "timeout_milliseconds": 29000,
            "tls_config": [],
            "type": "AWS_PROXY",
            "uri": "arn:aws:apigateway:us-east-1:lambda:path/2015-03-31/functions/arn:aws:lambda:us-east-1:000000000000:function:contato-create/invocations"
          },
          "sensitive_attributes": [],
          "identity_schema_version": 0,
          "private": "bnVsbA==",
          "dependencies": [
            "aws_api_gateway_method.contatos_post_method",
            "aws_api_gateway_resource.contatos_resource",
            "aws_api_gateway_rest_api.api",
            "aws_iam_role.lambda_exec",
            "module.contato_create_lambda.aws_lambda_function.lambda"
          ]
        }
      ]
    },
    {
      "mode": "managed",
      "type": "aws_api_gateway_integration",
      "name": "contatos_patch_lambda_integration",
      "provider": "provider[\"registry.terraform.io/hashicorp/aws\"]",
      "instances": [
        {
          "schema_version": 0,
          "attributes": {
            "cache_key_parameters": null,
            "cache_namespace": "lsdzmvlzgf",
            "connection_id": "",
            "connection_type": "INTERNET",
            "content_handling": "",
            "credentials": "",
            "http_method": "PATCH",
            "id": "agi-7ggjxahugi-lsdzmvlzgf-PATCH",
            "integration_http_method": "POST",
            "passthrough_behavior": "WHEN_NO_MATCH",
            "request_parameters": null,
            "request_templates": null,
            "resource_id": "lsdzmvlzgf",
            "rest_api_id": "7ggjxahugi",
            "timeout_milliseconds": 29000,
            "tls_config": [],
            "type": "AWS_PROXY",
            "uri": "arn:aws:apigateway:us-east-1:lambda:path/2015-03-31/functions/arn:aws:lambda:us-east-1:000000000000:function:contato-update/invocations"
          },
          "sensitive_attributes": [],
          "identity_schema_version": 0,
          "private": "bnVsbA==",
          "dependencies": [
            "aws_api_gateway_method.contatos_patch_method",
            "aws_api_gateway_resource.contatos_resource",
            "aws_api_gateway_rest_api.api",
            "aws_iam_role.lambda_exec",
            "module.contato_update_lambda.aws_lambda_function.lambda"
          ]
        }
      ]
    },
    {
      "mode": "managed",
      "type": "aws_api_gateway_integration",
      "name": "fotos_lambda_integration",
      "provider": "provider[\"registry.terraform.io/hashicorp/aws\"]",
      "instances": [
        {
          "schema_version": 0,
          "attributes": {
            "cache_key_parameters": null,
            "cache_namespace": "lxjxtcupxv",
            "connection_id": "",
            "connection_type": "INTERNET",
            "content_handling": "",
            "credentials": "",
            "http_method": "POST",
            "id": "agi-7ggjxahugi-lxjxtcupxv-POST",
            "integration_http_method": "POST",
            "passthrough_behavior": "WHEN_NO_MATCH",
            "request_parameters": null,
            "request_templates": null,
            "resource_id": "lxjxtcupxv",
            "rest_api_id": "7ggjxahugi",
            "timeout_milliseconds": 29000,
            "tls_config": [],
            "type": "AWS_PROXY",
            "uri": "arn:aws:apigateway:us-east-1:lambda:path/2015-03-31/functions/arn:aws:lambda:us-east-1:000000000000:function:foto-upload/invocations"
          },
          "sensitive_attributes": [],
          "identity_schema_version": 0,
          "private": "bnVsbA==",
          "dependencies": [
            "aws_api_gateway_method.fotos_post_method",
            "aws_api_gateway_resource.fotos_resource",
            "aws_api_gateway_rest_api.api",
            "aws_iam_role.lambda_exec",
            "module.foto_upload_lambda.aws_lambda_function.lambda"
          ]
        }
      ]
    },
    {
      "mode": "managed",
      "type": "aws_api_gateway_integration",
      "name": "lambda_integration",
      "provider": "provider[\"registry.terraform.io/hashicorp/aws\"]",
      "instances": [
        {
          "schema_version": 0,
          "attributes": {
            "cache_key_parameters": null,
            "cache_namespace": "qwkq2dscjp",
            "connection_id": "",
            "connection_type": "INTERNET",
            "content_handling": "",
            "credentials": "",
            "http_method": "GET",
            "id": "agi-7ggjxahugi-qwkq2dscjp-GET",
            "integration_http_method": "POST",
            "passthrough_behavior": "WHEN_NO_MATCH",
            "request_parameters": null,
            "request_templates": null,
            "resource_id": "qwkq2dscjp",
            "rest_api_id": "7ggjxahugi",
            "timeout_milliseconds": 29000,
            "tls_config": [],
            "type": "AWS_PROXY",
            "uri": "arn:aws:apigateway:us-east-1:lambda:path/2015-03-31/functions/arn:aws:lambda:us-east-1:000000000000:function:auth/invocations"
          },
          "sensitive_attributes": [],
          "identity_schema_version": 0,
          "private": "bnVsbA==",
          "dependencies": [
            "aws_api_gateway_method.get_method",
            "aws_api_gateway_resource.lambda_resource",
            "aws_api_gateway_rest_api.api",
            "aws_iam_role.lambda_exec",
            "module.auth_lambda.aws_lambda_function.lambda"
          ]
        }
      ]
    },
    {
      "mode": "managed",
      "type": "aws_api_gateway_integration",
      "name": "usuarios_lambda_integration",
      "provider": "provider[\"registry.terraform.io/hashicorp/aws\"]",
      "instances": [
        {
          "schema_version": 0,
          "attributes": {
            "cache_key_parameters": null,
            "cache_namespace": "9gnewi1yx9",
            "connection_id": "",
            "connection_type": "INTERNET",
            "content_handling": "",
            "credentials": "",
            "http_method": "POST",
            "id": "agi-7ggjxahugi-9gnewi1yx9-POST",
            "integration_http_method": "POST",
            "passthrough_behavior": "WHEN_NO_MATCH",
            "request_parameters": null,
            "request_templates": null,
            "resource_id": "9gnewi1yx9",
            "rest_api_id": "7ggjxahugi",
            "timeout_milliseconds": 29000,
            "tls_config": [],
            "type": "AWS_PROXY",
            "uri": "arn:aws:apigateway:us-east-1:lambda:path/2015-03-31/functions/arn:aws:lambda:us-east-1:000000000000:function:usuario-create/invocations"
          },
          "sensitive_attributes": [],
          "identity_schema_version": 0,
          "private": "bnVsbA==",
          "dependencies": [
            "aws_api_gateway_method.usuarios_post_method",
            "aws_api_gateway_resource.usuarios_resource",
            "aws_api_gateway_rest_api.api",
            "aws_iam_role.lambda_exec",
            "module.usuario_create_lambda.aws_lambda_function.lambda"
          ]
        }
      ]
    },
    {
      "mode": "managed",
      "type": "aws_api_gateway_method",
      "name": "contatos_delete_method",
      "provider": "provider[\"registry.terraform.io/hashicorp/aws\"]",
      "instances": [
        {
          "schema_version": 0,
          "attributes": {
            "api_key_required": false,
            "authorization": "NONE",
            "authorization_scopes": null,
            "authorizer_id": null,
            "http_method": "DELETE",
            "id": "agm-7ggjxahugi-lsdzmvlzgf-DELETE",
            "operation_name": null,
            "request_models": null,
            "request_parameters": null,
            "request_validator_id": null,
            "resource_id": "lsdzmvlzgf",
            "rest_api_id": "7ggjxahugi"
          },
          "sensitive_attributes": [],
          "identity_schema_version": 0,
          "private": "bnVsbA==",
          "dependencies": [
            "aws_api_gateway_resource.contatos_resource",
            "aws_api_gateway_rest_api.api"
          ]
        }
      ]
    },
    {
      "mode": "managed",
      "type": "aws_api_gateway_method",
      "name": "contatos_patch_method",
      "provider": "provider[\"registry.terraform.io/hashicorp/aws\"]",
      "instances": [
        {
          "schema_version": 0,
          "attributes": {
            "api_key_required": false,
            "authorization": "NONE",
            "authorization_scopes": null,
            "authorizer_id": null,
            "http_method": "PATCH",
            "id": "agm-7ggjxahugi-lsdzmvlzgf-PATCH",
            "operation_name": null,
            "request_models": null,
            "request_parameters": null,
            "request_validator_id": null,
            "resource_id": "lsdzmvlzgf",
            "rest_api_id": "7ggjxahugi"
          },
          "sensitive_attributes": [],
          "identity_schema_version": 0,
          "private": "bnVsbA==",
          "dependencies": [
            "aws_api_gateway_resource.contatos_resource",
            "aws_api_gateway_rest_api.api"
          ]
        }
      ]
    },
    {
      "mode": "managed",
      "type": "aws_api_gateway_method",
      "name": "contatos_post_method",
      "provider": "provider[\"registry.terraform.io/hashicorp/aws\"]",
      "instances": [
        {
          "schema_version": 0,
          "attributes": {
            "api_key_required": false,
            "authorization": "NONE",
            "authorization_scopes": null,
            "authorizer_id": null,
            "http_method": "POST",
            "id": "agm-7ggjxahugi-lsdzmvlzgf-POST",
            "operation_name": null,
            "request_models": null,
            "request_parameters": null,
            "request_validator_id": null,
            "resource_id": "lsdzmvlzgf",
            "rest_api_id": "7ggjxahugi"
          },
          "sensitive_attributes": [],
          "identity_schema_version": 0,
          "private": "bnVsbA==",
          "dependencies": [
            "aws_api_gateway_resource.contatos_resource",
            "aws_api_gateway_rest_api.api"
          ]
        }
      ]
    },
    {
      "mode": "managed",
      "type": "aws_api_gateway_method",
      "name": "fotos_post_method",
      "provider": "provider[\"registry.terraform.io/hashicorp/aws\"]",
      "instances": [
        {
          "schema_version": 0,
          "attributes": {
            "api_key_required": false,
            "authorization": "NONE",
            "authorization_scopes": null,
            "authorizer_id": null,
            "http_method": "POST",
            "id": "agm-7ggjxahugi-lxjxtcupxv-POST",
            "operation_name": null,
            "request_models": null,
            "request_parameters": null,
            "request_validator_id": null,
            "resource_id": "lxjxtcupxv",
            "rest_api_id": "7ggjxahugi"
          },
          "sensitive_attributes": [],
          "identity_schema_version": 0,
          "private": "bnVsbA==",
          "dependencies": [
            "aws_api_gateway_resource.fotos_resource",
            "aws_api_gateway_rest_api.api"
          ]
        }
      ]
    },
    {
      "mode": "managed",
      "type": "aws_api_gateway_method",
      "name": "get_method",
      "provider": "provider[\"registry.terraform.io/hashicorp/aws\"]",
      "instances": [
        {
          "schema_version": 0,
          "attributes": {
            "api_key_required": false,
            "authorization": "NONE",
            "authorization_scopes": null,
            "authorizer_id": null,
            "http_method": "GET",
            "id": "agm-7ggjxahugi-qwkq2dscjp-GET",
            "operation_name": null,
            "request_models": null,
            "request_parameters": null,
            "request_validator_id": null,
            "resource_id": "qwkq2dscjp",
            "rest_api_id": "7ggjxahugi"
          },
          "sensitive_attributes": [],
          "identity_schema_version": 0,
          "private": "bnVsbA==",
          "dependencies": [
            "aws_api_gateway_resource.lambda_resource",
            "aws_api_gateway_rest_api.api"
          ]
        }
      ]
    },
    {
      "mode": "managed",
      "type": "aws_api_gateway_method",
      "name": "usuarios_post_method",
      "provider": "provider[\"registry.terraform.io/hashicorp/aws\"]",
      "instances": [
        {
          "schema_version": 0,
          "attributes": {
            "api_key_required": false,
            "authorization": "NONE",
            "authorization_scopes": null,
            "authorizer_id": null,
            "http_method": "POST",
            "id": "agm-7ggjxahugi-9gnewi1yx9-POST",
            "operation_name": null,
            "request_models": null,
            "request_parameters": null,
            "request_validator_id": null,
            "resource_id": "9gnewi1yx9",
            "rest_api_id": "7ggjxahugi"
          },
          "sensitive_attributes": [],
          "identity_schema_version": 0,
          "private": "bnVsbA==",
          "dependencies": [
            "aws_api_gateway_resource.usuarios_resource",
            "aws_api_gateway_rest_api.api"
          ]
        }
      ]
    },
    {
      "mode": "managed",
      "type": "aws_api_gateway_resource",
      "name": "contatos_resource",
      "provider": "provider[\"registry.terraform.io/hashicorp/aws\"]",
      "instances": [
        {
          "schema_version": 0,
          "attributes": {
            "id": "lsdzmvlzgf",
            "parent_id": "waklvuqqte",
            "path": "/contatos",
            "path_part": "contatos",
            "rest_api_id": "7ggjxahugi"
          },
          "sensitive_attributes": [],
          "identity_schema_version": 0,
          "private": "bnVsbA==",
          "dependencies": [
            "aws_api_gateway_rest_api.api"
          ]
        }
      ]
    },
    {
      "mode": "managed",
      "type": "aws_api_gateway_resource",
      "name": "fotos_resource",
      "provider": "provider[\"registry.terraform.io/hashicorp/aws\"]",
      "instances": [
        {
          "schema_version": 0,
          "attributes": {
            "id": "lxjxtcupxv",
            "parent_id": "waklvuqqte",
            "path": "/fotos",
            "path_part": "fotos",
            "rest_api_id": "7ggjxahugi"
          },
          "sensitive_attributes": [],
          "identity_schema_version": 0,
          "private": "bnVsbA==",
          "dependencies": [
            "aws_api_gateway_rest_api.api"
          ]
        }
      ]
    },
    {
      "mode": "managed",
      "type": "aws_api_gateway_resource",
      "name": "lambda_resource",
      "provider": "provider[\"registry.terraform.io/hashicorp/aws\"]",
      "instances": [
        {
          "schema_version": 0,
          "attributes": {
            "id": "qwkq2dscjp",
            "parent_id": "waklvuqqte",
            "path": "/ola",
            "path_part": "ola",
            "rest_api_id": "7ggjxahugi"
          },
          "sensitive_attributes": [],
          "identity_schema_version": 0,
          "private": "bnVsbA==",
          "dependencies": [
            "aws_api_gateway_rest_api.api"
          ]
        }
      ]
    },
    {
      "mode": "managed",
      "type": "aws_api_gateway_resource",
      "name": "usuarios_resource",
      "provider": "provider[\"registry.terraform.io/hashicorp/aws\"]",
      "instances": [
        {
          "schema_version": 0,
          "attributes": {
            "id": "9gnewi1yx9",
            "parent_id": "waklvuqqte",
            "path": "/usuarios",
            "path_part": "usuarios",
            "rest_api_id": "7ggjxahugi"
          },
          "sensitive_attributes": [],
          "identity_schema_version": 0,
          "private": "bnVsbA==",
          "dependencies": [
            "aws_api_gateway_rest_api.api"
          ]
        }
      ]
    },
    {
      "mode": "managed",
      "type": "aws_api_gateway_rest_api",
      "name": "api",
      "provider": "provider[\"registry.terraform.io/hashicorp/aws\"]",
      "instances": [
        {
          "schema_version": 0,
          "attributes": {
            "api_key_source": "HEADER",
            "arn": "arn:aws:apigateway:us-east-1::/restapis/7ggjxahugi",
            "binary_media_types": [],
            "body": null,
            "created_date": "2025-06-12T21:51:25Z",
            "description": "API REST com Lambda via LocalStack",
            "disable_execute_api_endpoint": false,
            "endpoint_configuration": [
              {
                "types": [
                  "EDGE"
                ],
                "vpc_endpoint_ids": []
              }
            ],
            "execution_arn": "arn:aws:execute-api:us-east-1:000000000000:7ggjxahugi",
            "fail_on_warnings": null,
            "id": "7ggjxahugi",
            "minimum_compression_size": -1,
            "name": "MessengerAPI",
            "parameters": null,
            "policy": "",
            "put_rest_api_mode": null,
            "root_resource_id": "waklvuqqte",
            "tags": null,
            "tags_all": {}
          },
          "sensitive_attributes": [],
          "identity_schema_version": 0,
          "private": "bnVsbA=="
        }
      ]
    },
    {
      "mode": "managed",
      "type": "aws_dynamodb_table",
      "name": "contatos",
      "provider": "provider[\"registry.terraform.io/hashicorp/aws\"]",
      "instances": [
        {
          "schema_version": 1,
          "attributes": {
            "arn": "arn:aws:dynamodb:us-east-1:000000000000:table/contatos",
            "attribute": [
              {
                "name": "contato_email",
                "type": "S"
              },
              {
                "name": "usuario_email",
                "type": "S"
              }
            ],
            "billing_mode": "PAY_PER_REQUEST",
            "deletion_protection_enabled": false,
            "global_secondary_index": [],
            "hash_key": "usuario_email",
            "id": "contatos",
            "local_secondary_index": [],
            "name": "contatos",
            "point_in_time_recovery": [
              {
                "enabled": false
              }
            ],
            "range_key": "contato_email",
            "read_capacity": 0,
            "replica": [],
            "restore_date_time": null,
            "restore_source_name": null,
            "restore_to_latest_time": null,
            "server_side_encryption": [],
            "stream_arn": "",
            "stream_enabled": false,
            "stream_label": "",
            "stream_view_type": "",
            "table_class": "STANDARD",
            "tags": null,
            "tags_all": {},
            "timeouts": null,
            "ttl": [
              {
                "attribute_name": "",
                "enabled": false
              }
            ],
            "write_capacity": 0
          },
          "sensitive_attributes": [],
          "identity_schema_version": 0,
          "private": "eyJlMmJmYjczMC1lY2FhLTExZTYtOGY4OC0zNDM2M2JjN2M0YzAiOnsiY3JlYXRlIjoxODAwMDAwMDAwMDAwLCJkZWxldGUiOjYwMDAwMDAwMDAwMCwidXBkYXRlIjozNjAwMDAwMDAwMDAwfSwic2NoZW1hX3ZlcnNpb24iOiIxIn0="
        }
      ]
    },
    {
      "mode": "managed",
      "type": "aws_dynamodb_table",
      "name": "mensagens_pendentes",
      "provider": "provider[\"registry.terraform.io/hashicorp/aws\"]",
      "instances": [
        {
          "schema_version": 1,
          "attributes": {
            "arn": "arn:aws:dynamodb:us-east-1:000000000000:table/mensagens_pendentes",
            "attribute": [
              {
                "name": "destinatario_email",
                "type": "S"
              },
              {
                "name": "timestamp",
                "type": "S"
              }
            ],
            "billing_mode": "PAY_PER_REQUEST",
            "deletion_protection_enabled": false,
            "global_secondary_index": [],
            "hash_key": "destinatario_email",
            "id": "mensagens_pendentes",
            "local_secondary_index": [],
            "name": "mensagens_pendentes",
            "point_in_time_recovery": [
              {
                "enabled": false
              }
            ],
            "range_key": "timestamp",
            "read_capacity": 0,
            "replica": [],
            "restore_date_time": null,
            "restore_source_name": null,
            "restore_to_latest_time": null,
            "server_side_encryption": [],
            "stream_arn": "",
            "stream_enabled": false,
            "stream_label": "",
            "stream_view_type": "",
            "table_class": "STANDARD",
            "tags": null,
            "tags_all": {},
            "timeouts": null,
            "ttl": [
              {
                "attribute_name": "",
                "enabled": false
              }
            ],
            "write_capacity": 0
          },
          "sensitive_attributes": [],
          "identity_schema_version": 0,
          "private": "eyJlMmJmYjczMC1lY2FhLTExZTYtOGY4OC0zNDM2M2JjN2M0YzAiOnsiY3JlYXRlIjoxODAwMDAwMDAwMDAwLCJkZWxldGUiOjYwMDAwMDAwMDAwMCwidXBkYXRlIjozNjAwMDAwMDAwMDAwfSwic2NoZW1hX3ZlcnNpb24iOiIxIn0="
        }
      ]
    },
    {
      "mode": "managed",
      "type": "aws_dynamodb_table",
      "name": "usuarios",
      "provider": "provider[\"registry.terraform.io/hashicorp/aws\"]",
      "instances": [
        {
          "schema_version": 1,
          "attributes": {
            "arn": "arn:aws:dynamodb:us-east-1:000000000000:table/usuarios",
            "attribute": [
              {
                "name": "id",
                "type": "S"
              }
            ],
            "billing_mode": "PAY_PER_REQUEST",
            "deletion_protection_enabled": false,
            "global_secondary_index": [],
            "hash_key": "id",
            "id": "usuarios",
            "local_secondary_index": [],
            "name": "usuarios",
            "point_in_time_recovery": [
              {
                "enabled": false
              }
            ],
            "range_key": null,
            "read_capacity": 0,
            "replica": [],
            "restore_date_time": null,
            "restore_source_name": null,
            "restore_to_latest_time": null,
            "server_side_encryption": [],
            "stream_arn": "",
            "stream_enabled": false,
            "stream_label": "",
            "stream_view_type": "",
            "table_class": "STANDARD",
            "tags": null,
            "tags_all": {},
            "timeouts": null,
            "ttl": [
              {
                "attribute_name": "",
                "enabled": false
              }
            ],
            "write_capacity": 0
          },
          "sensitive_attributes": [],
          "identity_schema_version": 0,
          "private": "eyJlMmJmYjczMC1lY2FhLTExZTYtOGY4OC0zNDM2M2JjN2M0YzAiOnsiY3JlYXRlIjoxODAwMDAwMDAwMDAwLCJkZWxldGUiOjYwMDAwMDAwMDAwMCwidXBkYXRlIjozNjAwMDAwMDAwMDAwfSwic2NoZW1hX3ZlcnNpb24iOiIxIn0="
        }
      ]
    },
    {
      "mode": "managed",
      "type": "aws_iam_policy",
      "name": "dynamodb_access",
      "provider": "provider[\"registry.terraform.io/hashicorp/aws\"]",
      "instances": [
        {
          "schema_version": 0,
          "attributes": {
            "arn": "arn:aws:iam::000000000000:policy/dynamodb_access",
            "description": "Permissão para a Lambda acessar a tabela usuarios",
            "id": "arn:aws:iam::000000000000:policy/dynamodb_access",
            "name": "dynamodb_access",
            "name_prefix": "",
            "path": "/",
            "policy": "{\"Statement\":[{\"Action\":[\"dynamodb:PutItem\",\"dynamodb:GetItem\",\"dynamodb:UpdateItem\",\"dynamodb:DeleteItem\",\"dynamodb:Scan\",\"dynamodb:Query\"],\"Effect\":\"Allow\",\"Resource\":[\"arn:aws:dynamodb:us-east-1:000000000000:table/usuarios\",\"arn:aws:dynamodb:us-east-1:000000000000:table/contatos\"]}],\"Version\":\"2012-10-17\"}",
            "policy_id": "A8AEBVLJ034ATZJTMSE8C",
            "tags": null,
            "tags_all": {}
          },
          "sensitive_attributes": [],
          "identity_schema_version": 0,
          "private": "bnVsbA==",
          "dependencies": [
            "aws_dynamodb_table.contatos",
            "aws_dynamodb_table.usuarios"
          ]
        }
      ]
    },
    {
      "mode": "managed",
      "type": "aws_iam_policy",
      "name": "s3_access",
      "provider": "provider[\"registry.terraform.io/hashicorp/aws\"]",
      "instances": [
        {
          "schema_version": 0,
          "attributes": {
            "arn": "arn:aws:iam::000000000000:policy/s3_access_policy",
            "description": "",
            "id": "arn:aws:iam::000000000000:policy/s3_access_policy",
            "name": "s3_access_policy",
            "name_prefix": "",
            "path": "/",
            "policy": "{\"Statement\":[{\"Action\":[\"s3:PutObject\",\"s3:GetObject\",\"s3:DeleteObject\"],\"Effect\":\"Allow\",\"Resource\":\"arn:aws:s3:::fotos-perfil/*\"}],\"Version\":\"2012-10-17\"}",
            "policy_id": "AI531UYV5FBY5RS2TW8PF",
            "tags": null,
            "tags_all": {}
          },
          "sensitive_attributes": [],
          "identity_schema_version": 0,
          "private": "bnVsbA=="
        }
      ]
    },
    {
      "mode": "managed",
      "type": "aws_iam_role",
      "name": "lambda_exec",
      "provider": "provider[\"registry.terraform.io/hashicorp/aws\"]",
      "instances": [
        {
          "schema_version": 0,
          "attributes": {
            "arn": "arn:aws:iam::000000000000:role/lambda_exec_role",
            "assume_role_policy": "{\"Statement\":[{\"Action\":\"sts:AssumeRole\",\"Effect\":\"Allow\",\"Principal\":{\"Service\":\"lambda.amazonaws.com\"}}],\"Version\":\"2012-10-17\"}",
            "create_date": "2025-06-12T21:51:25Z",
            "description": "",
            "force_detach_policies": false,
            "id": "lambda_exec_role",
            "inline_policy": [],
            "managed_policy_arns": [
              "arn:aws:iam::000000000000:policy/dynamodb_access",
              "arn:aws:iam::000000000000:policy/s3_access_policy"
            ],
            "max_session_duration": 3600,
            "name": "lambda_exec_role",
            "name_prefix": "",
            "path": "/",
            "permissions_boundary": null,
            "role_last_used": [
              {
                "last_used_date": "",
                "region": ""
              }
            ],
            "tags": {},
            "tags_all": {},
            "unique_id": "AROAQAAAAAAANUPGNSUM6"
          },
          "sensitive_attributes": [],
          "identity_schema_version": 0,
          "private": "bnVsbA=="
        }
      ]
    },
    {
      "mode": "managed",
      "type": "aws_iam_role_policy_attachment",
      "name": "lambda_dynamodb",
      "provider": "provider[\"registry.terraform.io/hashicorp/aws\"]",
      "instances": [
        {
          "schema_version": 0,
          "attributes": {
            "id": "lambda_exec_role-20250612215125704200000002",
            "policy_arn": "arn:aws:iam::000000000000:policy/dynamodb_access",
            "role": "lambda_exec_role"
          },
          "sensitive_attributes": [],
          "identity_schema_version": 0,
          "private": "bnVsbA==",
          "dependencies": [
            "aws_dynamodb_table.contatos",
            "aws_dynamodb_table.usuarios",
            "aws_iam_policy.dynamodb_access",
            "aws_iam_role.lambda_exec"
          ]
        }
      ]
    },
    {
      "mode": "managed",
      "type": "aws_iam_role_policy_attachment",
      "name": "lambda_s3",
      "provider": "provider[\"registry.terraform.io/hashicorp/aws\"]",
      "instances": [
        {
          "schema_version": 0,
          "attributes": {
            "id": "lambda_exec_role-20250612215125207700000001",
            "policy_arn": "arn:aws:iam::000000000000:policy/s3_access_policy",
            "role": "lambda_exec_role"
          },
          "sensitive_attributes": [],
          "identity_schema_version": 0,
          "private": "bnVsbA==",
          "dependencies": [
            "aws_iam_policy.s3_access",
            "aws_iam_role.lambda_exec"
          ]
        }
      ]
    },
    {
      "mode": "managed",
      "type": "aws_lambda_permission",
      "name": "apigw_lambda",
      "provider": "provider[\"registry.terraform.io/hashicorp/aws\"]",
      "instances": [
        {
          "schema_version": 0,
          "attributes": {
            "action": "lambda:InvokeFunction",
            "event_source_token": null,
            "function_name": "auth",
            "function_url_auth_type": null,
            "id": "AllowAPIGatewayInvoke",
            "principal": "apigateway.amazonaws.com",
            "principal_org_id": null,
            "qualifier": "",
            "source_account": null,
            "source_arn": "arn:aws:execute-api:us-east-1:000000000000:7ggjxahugi/*/*",
            "statement_id": "AllowAPIGatewayInvoke",
            "statement_id_prefix": ""
          },
          "sensitive_attributes": [],
          "identity_schema_version": 0,
          "private": "bnVsbA==",
          "dependencies": [
            "aws_api_gateway_rest_api.api",
            "aws_iam_role.lambda_exec",
            "module.auth_lambda.aws_lambda_function.lambda"
          ]
        }
      ]
    },
    {
      "mode": "managed",
      "type": "aws_lambda_permission",
      "name": "contatos_apigw_lambda",
      "provider": "provider[\"registry.terraform.io/hashicorp/aws\"]",
      "instances": [
        {
          "schema_version": 0,
          "attributes": {
            "action": "lambda:InvokeFunction",
            "event_source_token": null,
            "function_name": "contato-create",
            "function_url_auth_type": null,
            "id": "AllowAPIGatewayInvokeContatos",
            "principal": "apigateway.amazonaws.com",
            "principal_org_id": null,
            "qualifier": "",
            "source_account": null,
            "source_arn": "arn:aws:execute-api:us-east-1:000000000000:7ggjxahugi/*/*",
            "statement_id": "AllowAPIGatewayInvokeContatos",
            "statement_id_prefix": ""
          },
          "sensitive_attributes": [],
          "identity_schema_version": 0,
          "private": "bnVsbA==",
          "dependencies": [
            "aws_api_gateway_rest_api.api",
            "aws_iam_role.lambda_exec",
            "module.contato_create_lambda.aws_lambda_function.lambda"
          ]
        }
      ]
    },
    {
      "mode": "managed",
      "type": "aws_lambda_permission",
      "name": "contatos_delete_apigw_lambda",
      "provider": "provider[\"registry.terraform.io/hashicorp/aws\"]",
      "instances": [
        {
          "schema_version": 0,
          "attributes": {
            "action": "lambda:InvokeFunction",
            "event_source_token": null,
            "function_name": "contato-delete",
            "function_url_auth_type": null,
            "id": "AllowAPIGatewayInvokeContatos",
            "principal": "apigateway.amazonaws.com",
            "principal_org_id": null,
            "qualifier": "",
            "source_account": null,
            "source_arn": "arn:aws:execute-api:us-east-1:000000000000:7ggjxahugi/*/*",
            "statement_id": "AllowAPIGatewayInvokeContatos",
            "statement_id_prefix": ""
          },
          "sensitive_attributes": [],
          "identity_schema_version": 0,
          "private": "bnVsbA==",
          "dependencies": [
            "aws_api_gateway_rest_api.api",
            "aws_iam_role.lambda_exec",
            "module.contato_delete_lambda.aws_lambda_function.lambda"
          ]
        }
      ]
    },
    {
      "mode": "managed",
      "type": "aws_lambda_permission",
      "name": "contatos_patch_apigw_lambda",
      "provider": "provider[\"registry.terraform.io/hashicorp/aws\"]",
      "instances": [
        {
          "schema_version": 0,
          "attributes": {
            "action": "lambda:InvokeFunction",
            "event_source_token": null,
            "function_name": "contato-update",
            "function_url_auth_type": null,
            "id": "AllowAPIGatewayInvokeContatos",
            "principal": "apigateway.amazonaws.com",
            "principal_org_id": null,
            "qualifier": "",
            "source_account": null,
            "source_arn": "arn:aws:execute-api:us-east-1:000000000000:7ggjxahugi/*/*",
            "statement_id": "AllowAPIGatewayInvokeContatos",
            "statement_id_prefix": ""
          },
          "sensitive_attributes": [],
          "identity_schema_version": 0,
          "private": "bnVsbA==",
          "dependencies": [
            "aws_api_gateway_rest_api.api",
            "aws_iam_role.lambda_exec",
            "module.contato_update_lambda.aws_lambda_function.lambda"
          ]
        }
      ]
    },
    {
      "mode": "managed",
      "type": "aws_lambda_permission",
      "name": "fotos_apigw_lambda",
      "provider": "provider[\"registry.terraform.io/hashicorp/aws\"]",
      "instances": [
        {
          "schema_version": 0,
          "attributes": {
            "action": "lambda:InvokeFunction",
            "event_source_token": null,
            "function_name": "foto-upload",
            "function_url_auth_type": null,
            "id": "AllowAPIGatewayInvokeFotos",
            "principal": "apigateway.amazonaws.com",
            "principal_org_id": null,
            "qualifier": "",
            "source_account": null,
            "source_arn": "arn:aws:execute-api:us-east-1:000000000000:7ggjxahugi/*/*",
            "statement_id": "AllowAPIGatewayInvokeFotos",
            "statement_id_prefix": ""
          },
          "sensitive_attributes": [],
          "identity_schema_version": 0,
          "private": "bnVsbA==",
          "dependencies": [
            "aws_api_gateway_rest_api.api",
            "aws_iam_role.lambda_exec",
            "module.foto_upload_lambda.aws_lambda_function.lambda"
          ]
        }
      ]
    },
    {
      "mode": "managed",
      "type": "aws_lambda_permission",
      "name": "usuarios_apigw_lambda",
      "provider": "provider[\"registry.terraform.io/hashicorp/aws\"]",
      "instances": [
        {
          "schema_version": 0,
          "attributes": {
            "action": "lambda:InvokeFunction",
            "event_source_token": null,
            "function_name": "usuario-create",
            "function_url_auth_type": null,
            "id": "AllowAPIGatewayInvokeUsuarios",
            "principal": "apigateway.amazonaws.com",
            "principal_org_id": null,
            "qualifier": "",
            "source_account": null,
            "source_arn": "arn:aws:execute-api:us-east-1:000000000000:7ggjxahugi/*/*",
            "statement_id": "AllowAPIGatewayInvokeUsuarios",
            "statement_id_prefix": ""
          },
          "sensitive_attributes": [],
          "identity_schema_version": 0,
          "private": "bnVsbA==",
          "dependencies": [
            "aws_api_gateway_rest_api.api",
            "aws_iam_role.lambda_exec",
            "module.usuario_create_lambda.aws_lambda_function.lambda"
          ]
        }
      ]
    },
    {
      "mode": "managed",
      "type": "aws_s3_bucket",
      "name": "fotos_perfil",
      "provider": "provider[\"registry.terraform.io/hashicorp/aws\"]",
      "instances": [
        {
          "schema_version": 0,
          "attributes": {
            "acceleration_status": "",
            "acl": null,
            "arn": "arn:aws:s3:::fotos-perfil",
            "bucket": "fotos-perfil",
            "bucket_domain_name": "fotos-perfil.s3.amazonaws.com",
            "bucket_prefix": "",
            "bucket_regional_domain_name": "fotos-perfil.s3.amazonaws.com",
            "cors_rule": [],
            "force_destroy": false,
            "grant": [
              {
                "id": "75aa57f09aa0c8caeab4f8c24e99d10f8e7faeebf76c078efc7c6caea54ba06a",
                "permissions": [
                  "FULL_CONTROL"
                ],
                "type": "CanonicalUser",
                "uri": ""
              }
            ],
            "hosted_zone_id": "Z3AQBSTGFYJSTF",
            "id": "fotos-perfil",
            "lifecycle_rule": [],
            "logging": [],
            "object_lock_configuration": [],
            "object_lock_enabled": false,
            "policy": "",
            "region": "us-east-1",
            "replication_configuration": [],
            "request_payer": "BucketOwner",
            "server_side_encryption_configuration": [
              {
                "rule": [
                  {
                    "apply_server_side_encryption_by_default": [
                      {
                        "kms_master_key_id": "",
                        "sse_algorithm": "AES256"
                      }
                    ],
                    "bucket_key_enabled": false
                  }
                ]
              }
            ],
            "tags": null,
            "tags_all": {},
            "timeouts": null,
            "versioning": [
              {
                "enabled": false,
                "mfa_delete": false
              }
            ],
            "website": [],
            "website_domain": null,
            "website_endpoint": null
          },
          "sensitive_attributes": [],
          "identity_schema_version": 0,
          "private": "eyJlMmJmYjczMC1lY2FhLTExZTYtOGY4OC0zNDM2M2JjN2M0YzAiOnsiY3JlYXRlIjoxMjAwMDAwMDAwMDAwLCJkZWxldGUiOjM2MDAwMDAwMDAwMDAsInJlYWQiOjEyMDAwMDAwMDAwMDAsInVwZGF0ZSI6MTIwMDAwMDAwMDAwMH19"
        }
      ]
    },
    {
      "module": "module.auth_lambda",
      "mode": "managed",
      "type": "aws_lambda_function",
      "name": "lambda",
      "provider": "provider[\"registry.terraform.io/hashicorp/aws\"]",
      "instances": [
        {
          "schema_version": 0,
          "attributes": {
            "architectures": [
              "x86_64"
            ],
            "arn": "arn:aws:lambda:us-east-1:000000000000:function:auth",
            "code_signing_config_arn": "",
            "dead_letter_config": [],
            "description": "",
            "environment": [],
            "ephemeral_storage": [
              {
                "size": 512
              }
            ],
            "file_system_config": [],
            "filename": "modules/lambda/../../../builds/auth.jar",
            "function_name": "auth",
            "handler": "com.messenger.handler.auth.AuthHandler",
            "id": "auth",
            "image_config": [],
            "image_uri": "",
            "invoke_arn": "arn:aws:apigateway:us-east-1:lambda:path/2015-03-31/functions/arn:aws:lambda:us-east-1:000000000000:function:auth/invocations",
            "kms_key_arn": "",
            "last_modified": "2025-06-12T21:52:58.564414+0000",
            "layers": [],
            "memory_size": 512,
            "package_type": "Zip",
            "publish": false,
            "qualified_arn": "arn:aws:lambda:us-east-1:000000000000:function:auth:$LATEST",
            "qualified_invoke_arn": "arn:aws:apigateway:us-east-1:lambda:path/2015-03-31/functions/arn:aws:lambda:us-east-1:000000000000:function:auth:$LATEST/invocations",
            "replace_security_groups_on_destroy": null,
            "replacement_security_group_ids": null,
            "reserved_concurrent_executions": -1,
            "role": "arn:aws:iam::000000000000:role/lambda_exec_role",
            "runtime": "java17",
            "s3_bucket": null,
            "s3_key": null,
            "s3_object_version": null,
            "signing_job_arn": "",
            "signing_profile_version_arn": "",
            "skip_destroy": false,
            "snap_start": [],
            "source_code_hash": "BIQ0pTOYwEeKk5dXachTPNTHHNOafwVWU4lBWcL5MjA=",
            "source_code_size": 23754906,
            "tags": {},
            "tags_all": {},
            "timeout": 10,
            "timeouts": null,
            "tracing_config": [
              {
                "mode": "PassThrough"
              }
            ],
            "version": "$LATEST",
            "vpc_config": []
          },
          "sensitive_attributes": [],
          "identity_schema_version": 0,
          "private": "eyJlMmJmYjczMC1lY2FhLTExZTYtOGY4OC0zNDM2M2JjN2M0YzAiOnsiY3JlYXRlIjo2MDAwMDAwMDAwMDAsImRlbGV0ZSI6NjAwMDAwMDAwMDAwLCJ1cGRhdGUiOjYwMDAwMDAwMDAwMH19",
          "dependencies": [
            "aws_iam_role.lambda_exec"
          ]
        }
      ]
    },
    {
      "module": "module.contato_create_lambda",
      "mode": "managed",
      "type": "aws_lambda_function",
      "name": "lambda",
      "provider": "provider[\"registry.terraform.io/hashicorp/aws\"]",
      "instances": [
        {
          "schema_version": 0,
          "attributes": {
            "architectures": [
              "x86_64"
            ],
            "arn": "arn:aws:lambda:us-east-1:000000000000:function:contato-create",
            "code_signing_config_arn": "",
            "dead_letter_config": [],
            "description": "",
            "environment": [],
            "ephemeral_storage": [
              {
                "size": 512
              }
            ],
            "file_system_config": [],
            "filename": "modules/lambda/../../../builds/contato-create.jar",
            "function_name": "contato-create",
            "handler": "com.messenger.handler.contatos.ContatoCreateHandler::handleRequest",
            "id": "contato-create",
            "image_config": [],
            "image_uri": "",
            "invoke_arn": "arn:aws:apigateway:us-east-1:lambda:path/2015-03-31/functions/arn:aws:lambda:us-east-1:000000000000:function:contato-create/invocations",
            "kms_key_arn": "",
            "last_modified": "2025-06-12T21:54:05.237893+0000",
            "layers": [],
            "memory_size": 512,
            "package_type": "Zip",
            "publish": false,
            "qualified_arn": "arn:aws:lambda:us-east-1:000000000000:function:contato-create:$LATEST",
            "qualified_invoke_arn": "arn:aws:apigateway:us-east-1:lambda:path/2015-03-31/functions/arn:aws:lambda:us-east-1:000000000000:function:contato-create:$LATEST/invocations",
            "replace_security_groups_on_destroy": null,
            "replacement_security_group_ids": null,
            "reserved_concurrent_executions": -1,
            "role": "arn:aws:iam::000000000000:role/lambda_exec_role",
            "runtime": "java17",
            "s3_bucket": null,
            "s3_key": null,
            "s3_object_version": null,
            "signing_job_arn": "",
            "signing_profile_version_arn": "",
            "skip_destroy": false,
            "snap_start": [],
            "source_code_hash": "jvkYrge3dYXVJW/5MWbiYGiVGYXs+ICHS6PlDEzbcXo=",
            "source_code_size": 23754906,
            "tags": {},
            "tags_all": {},
            "timeout": 10,
            "timeouts": null,
            "tracing_config": [
              {
                "mode": "PassThrough"
              }
            ],
            "version": "$LATEST",
            "vpc_config": []
          },
          "sensitive_attributes": [],
          "identity_schema_version": 0,
          "private": "eyJlMmJmYjczMC1lY2FhLTExZTYtOGY4OC0zNDM2M2JjN2M0YzAiOnsiY3JlYXRlIjo2MDAwMDAwMDAwMDAsImRlbGV0ZSI6NjAwMDAwMDAwMDAwLCJ1cGRhdGUiOjYwMDAwMDAwMDAwMH19",
          "dependencies": [
            "aws_iam_role.lambda_exec"
          ]
        }
      ]
    },
    {
      "module": "module.contato_delete_lambda",
      "mode": "managed",
      "type": "aws_lambda_function",
      "name": "lambda",
      "provider": "provider[\"registry.terraform.io/hashicorp/aws\"]",
      "instances": [
        {
          "schema_version": 0,
          "attributes": {
            "architectures": [
              "x86_64"
            ],
            "arn": "arn:aws:lambda:us-east-1:000000000000:function:contato-delete",
            "code_signing_config_arn": "",
            "dead_letter_config": [],
            "description": "",
            "environment": [],
            "ephemeral_storage": [
              {
                "size": 512
              }
            ],
            "file_system_config": [],
            "filename": "modules/lambda/../../../builds/contato-delete.jar",
            "function_name": "contato-delete",
            "handler": "com.messenger.handler.contatos.ContatoDeleteHandler::handleRequest",
            "id": "contato-delete",
            "image_config": [],
            "image_uri": "",
            "invoke_arn": "arn:aws:apigateway:us-east-1:lambda:path/2015-03-31/functions/arn:aws:lambda:us-east-1:000000000000:function:contato-delete/invocations",
            "kms_key_arn": "",
            "last_modified": "2025-06-12T21:54:49.535820+0000",
            "layers": [],
            "memory_size": 512,
            "package_type": "Zip",
            "publish": false,
            "qualified_arn": "arn:aws:lambda:us-east-1:000000000000:function:contato-delete:$LATEST",
            "qualified_invoke_arn": "arn:aws:apigateway:us-east-1:lambda:path/2015-03-31/functions/arn:aws:lambda:us-east-1:000000000000:function:contato-delete:$LATEST/invocations",
            "replace_security_groups_on_destroy": null,
            "replacement_security_group_ids": null,
            "reserved_concurrent_executions": -1,
            "role": "arn:aws:iam::000000000000:role/lambda_exec_role",
            "runtime": "java17",
            "s3_bucket": null,
            "s3_key": null,
            "s3_object_version": null,
            "signing_job_arn": "",
            "signing_profile_version_arn": "",
            "skip_destroy": false,
            "snap_start": [],
            "source_code_hash": "NeGKkVsvE2lGm7eSTdWZ/y4Vl5c8+F+VgL4pmufE8lI=",
            "source_code_size": 23754906,
            "tags": {},
            "tags_all": {},
            "timeout": 10,
            "timeouts": null,
            "tracing_config": [
              {
                "mode": "PassThrough"
              }
            ],
            "version": "$LATEST",
            "vpc_config": []
          },
          "sensitive_attributes": [],
          "identity_schema_version": 0,
          "private": "eyJlMmJmYjczMC1lY2FhLTExZTYtOGY4OC0zNDM2M2JjN2M0YzAiOnsiY3JlYXRlIjo2MDAwMDAwMDAwMDAsImRlbGV0ZSI6NjAwMDAwMDAwMDAwLCJ1cGRhdGUiOjYwMDAwMDAwMDAwMH19",
          "dependencies": [
            "aws_iam_role.lambda_exec"
          ]
        }
      ]
    },
    {
      "module": "module.contato_update_lambda",
      "mode": "managed",
      "type": "aws_lambda_function",
      "name": "lambda",
      "provider": "provider[\"registry.terraform.io/hashicorp/aws\"]",
      "instances": [
        {
          "schema_version": 0,
          "attributes": {
            "architectures": [
              "x86_64"
            ],
            "arn": "arn:aws:lambda:us-east-1:000000000000:function:contato-update",
            "code_signing_config_arn": "",
            "dead_letter_config": [],
            "description": "",
            "environment": [],
            "ephemeral_storage": [
              {
                "size": 512
              }
            ],
            "file_system_config": [],
            "filename": "modules/lambda/../../../builds/contato-update.jar",
            "function_name": "contato-update",
            "handler": "com.messenger.handler.contatos.ContatoUpdateHandler::handleRequest",
            "id": "contato-update",
            "image_config": [],
            "image_uri": "",
            "invoke_arn": "arn:aws:apigateway:us-east-1:lambda:path/2015-03-31/functions/arn:aws:lambda:us-east-1:000000000000:function:contato-update/invocations",
            "kms_key_arn": "",
            "last_modified": "2025-06-12T21:54:27.573538+0000",
            "layers": [],
            "memory_size": 512,
            "package_type": "Zip",
            "publish": false,
            "qualified_arn": "arn:aws:lambda:us-east-1:000000000000:function:contato-update:$LATEST",
            "qualified_invoke_arn": "arn:aws:apigateway:us-east-1:lambda:path/2015-03-31/functions/arn:aws:lambda:us-east-1:000000000000:function:contato-update:$LATEST/invocations",
            "replace_security_groups_on_destroy": null,
            "replacement_security_group_ids": null,
            "reserved_concurrent_executions": -1,
            "role": "arn:aws:iam::000000000000:role/lambda_exec_role",
            "runtime": "java17",
            "s3_bucket": null,
            "s3_key": null,
            "s3_object_version": null,
            "signing_job_arn": "",
            "signing_profile_version_arn": "",
            "skip_destroy": false,
            "snap_start": [],
            "source_code_hash": "8roVBN6EM9kAsz07BFLqyIabJ0i3P0P4if24YOG3hY8=",
            "source_code_size": 23754906,
            "tags": {},
            "tags_all": {},
            "timeout": 10,
            "timeouts": null,
            "tracing_config": [
              {
                "mode": "PassThrough"
              }
            ],
            "version": "$LATEST",
            "vpc_config": []
          },
          "sensitive_attributes": [],
          "identity_schema_version": 0,
          "private": "eyJlMmJmYjczMC1lY2FhLTExZTYtOGY4OC0zNDM2M2JjN2M0YzAiOnsiY3JlYXRlIjo2MDAwMDAwMDAwMDAsImRlbGV0ZSI6NjAwMDAwMDAwMDAwLCJ1cGRhdGUiOjYwMDAwMDAwMDAwMH19",
          "dependencies": [
            "aws_iam_role.lambda_exec"
          ]
        }
      ]
    },
    {
      "module": "module.foto_upload_lambda",
      "mode": "managed",
      "type": "aws_lambda_function",
      "name": "lambda",
      "provider": "provider[\"registry.terraform.io/hashicorp/aws\"]",
      "instances": [
        {
          "schema_version": 0,
          "attributes": {
            "architectures": [
              "x86_64"
            ],
            "arn": "arn:aws:lambda:us-east-1:000000000000:function:foto-upload",
            "code_signing_config_arn": "",
            "dead_letter_config": [],
            "description": "",
            "environment": [],
            "ephemeral_storage": [
              {
                "size": 512
              }
            ],
            "file_system_config": [],
            "filename": "modules/lambda/../../../builds/foto-upload.jar",
            "function_name": "foto-upload",
            "handler": "com.messenger.handler.usuarios.FotoUploadHandler::handleRequest",
            "id": "foto-upload",
            "image_config": [],
            "image_uri": "",
            "invoke_arn": "arn:aws:apigateway:us-east-1:lambda:path/2015-03-31/functions/arn:aws:lambda:us-east-1:000000000000:function:foto-upload/invocations",
            "kms_key_arn": "",
            "last_modified": "2025-06-12T21:53:42.789211+0000",
            "layers": [],
            "memory_size": 512,
            "package_type": "Zip",
            "publish": false,
            "qualified_arn": "arn:aws:lambda:us-east-1:000000000000:function:foto-upload:$LATEST",
            "qualified_invoke_arn": "arn:aws:apigateway:us-east-1:lambda:path/2015-03-31/functions/arn:aws:lambda:us-east-1:000000000000:function:foto-upload:$LATEST/invocations",
            "replace_security_groups_on_destroy": null,
            "replacement_security_group_ids": null,
            "reserved_concurrent_executions": -1,
            "role": "arn:aws:iam::000000000000:role/lambda_exec_role",
            "runtime": "java17",
            "s3_bucket": null,
            "s3_key": null,
            "s3_object_version": null,
            "signing_job_arn": "",
            "signing_profile_version_arn": "",
            "skip_destroy": false,
            "snap_start": [],
            "source_code_hash": "Zkp5UO+L4ZvXeX886K5UZ/JzzySzBdHrxvDGD4UmygY=",
            "source_code_size": 23754906,
            "tags": {},
            "tags_all": {},
            "timeout": 10,
            "timeouts": null,
            "tracing_config": [
              {
                "mode": "PassThrough"
              }
            ],
            "version": "$LATEST",
            "vpc_config": []
          },
          "sensitive_attributes": [],
          "identity_schema_version": 0,
          "private": "eyJlMmJmYjczMC1lY2FhLTExZTYtOGY4OC0zNDM2M2JjN2M0YzAiOnsiY3JlYXRlIjo2MDAwMDAwMDAwMDAsImRlbGV0ZSI6NjAwMDAwMDAwMDAwLCJ1cGRhdGUiOjYwMDAwMDAwMDAwMH19",
          "dependencies": [
            "aws_iam_role.lambda_exec"
          ]
        }
      ]
    },
    {
      "module": "module.usuario_create_lambda",
      "mode": "managed",
      "type": "aws_lambda_function",
      "name": "lambda",
      "provider": "provider[\"registry.terraform.io/hashicorp/aws\"]",
      "instances": [
        {
          "schema_version": 0,
          "attributes": {
            "architectures": [
              "x86_64"
            ],
            "arn": "arn:aws:lambda:us-east-1:000000000000:function:usuario-create",
            "code_signing_config_arn": "",
            "dead_letter_config": [],
            "description": "",
            "environment": [],
            "ephemeral_storage": [
              {
                "size": 512
              }
            ],
            "file_system_config": [],
            "filename": "modules/lambda/../../../builds/usuario-create.jar",
            "function_name": "usuario-create",
            "handler": "com.messenger.handler.usuarios.UsuarioCreateHandler::handleRequest",
            "id": "usuario-create",
            "image_config": [],
            "image_uri": "",
            "invoke_arn": "arn:aws:apigateway:us-east-1:lambda:path/2015-03-31/functions/arn:aws:lambda:us-east-1:000000000000:function:usuario-create/invocations",
            "kms_key_arn": "",
            "last_modified": "2025-06-12T21:53:20.718106+0000",
            "layers": [],
            "memory_size": 512,
            "package_type": "Zip",
            "publish": false,
            "qualified_arn": "arn:aws:lambda:us-east-1:000000000000:function:usuario-create:$LATEST",
            "qualified_invoke_arn": "arn:aws:apigateway:us-east-1:lambda:path/2015-03-31/functions/arn:aws:lambda:us-east-1:000000000000:function:usuario-create:$LATEST/invocations",
            "replace_security_groups_on_destroy": null,
            "replacement_security_group_ids": null,
            "reserved_concurrent_executions": -1,
            "role": "arn:aws:iam::000000000000:role/lambda_exec_role",
            "runtime": "java17",
            "s3_bucket": null,
            "s3_key": null,
            "s3_object_version": null,
            "signing_job_arn": "",
            "signing_profile_version_arn": "",
            "skip_destroy": false,
            "snap_start": [],
            "source_code_hash": "TLCjvs8I2lU0LMpE99GmyKVHbREM33nsiBbCjg7sZ6M=",
            "source_code_size": 23754906,
            "tags": {},
            "tags_all": {},
            "timeout": 10,
            "timeouts": null,
            "tracing_config": [
              {
                "mode": "PassThrough"
              }
            ],
            "version": "$LATEST",
            "vpc_config": []
          },
          "sensitive_attributes": [],
          "identity_schema_version": 0,
          "private": "eyJlMmJmYjczMC1lY2FhLTExZTYtOGY4OC0zNDM2M2JjN2M0YzAiOnsiY3JlYXRlIjo2MDAwMDAwMDAwMDAsImRlbGV0ZSI6NjAwMDAwMDAwMDAwLCJ1cGRhdGUiOjYwMDAwMDAwMDAwMH19",
          "dependencies": [
            "aws_iam_role.lambda_exec"
          ]
        }
      ]
    }
  ],
  "check_results": null
}
